
Microsoft Visual Studio Solution File, Format Version 12.00
# Visual Studio Version 17
VisualStudioVersion = 17.4.33103.184
MinimumVisualStudioVersion = 10.0.40219.1
Project("{FAE04EC0-301F-11D3-BF4B-00C04F79EFBC}") = "MVCAuth", "MVCAuth.csproj", "{685539FA-89DB-49F6-9B1D-620F060135F1}"
EndProject
Global
	GlobalSection(SolutionConfigurationPlatforms) = preSolution
		Debug|Any CPU = Debug|Any CPU
		Release|Any CPU = Release|Any CPU
	EndGlobalSection
	GlobalSection(ProjectConfigurationPlatforms) = postSolution
		{685539FA-89DB-49F6-9B1D-620F060135F1}.Debug|Any CPU.ActiveCfg = Debug|Any CPU
		{685539FA-89DB-49F6-9B1D-620F060135F1}.Debug|Any CPU.Build.0 = Debug|Any CPU
		{685539FA-89DB-49F6-9B1D-620F060135F1}.Release|Any CPU.ActiveCfg = Release|Any CPU
		{685539FA-89DB-49F6-9B1D-620F060135F1}.Release|Any CPU.Build.0 = Release|Any CPU
	EndGlobalSection
	GlobalSection(SolutionProperties) = preSolution
		HideSolutionNode = FALSE
	EndGlobalSection
	GlobalSection(ExtensibilityGlobals) = postSolution
		SolutionGuid = {1DD7FEA4-17C0-4DAC-9C66-EA148EF4E5F5}
	EndGlobalSection
EndGlobal
